
Microsoft Visual Studio Solution File, Format Version 10.00
# Visual Studio 2008
Project("{8BC9CEB8-8B4A-11D0-8D11-00A0C91BC942}") = "phone_v2", "phone_v2.vcproj", "{2147180F-5DD6-43E7-B99B-BA4904C9949A}"
EndProject
Project("{8BC9CEB8-8B4A-11D0-8D11-00A0C91BC942}") = "ambulance_v4", "..\ambulance_v4\ambulance_v4.vcproj", "{3C0A45C4-1F4D-489D-8B25-1FF6E9703B4B}"
EndProject
Global
	GlobalSection(SolutionConfigurationPlatforms) = preSolution
		Debug|Win32 = Debug|Win32
		Release|Win32 = Release|Win32
	EndGlobalSection
	GlobalSection(ProjectConfigurationPlatforms) = postSolution
		{2147180F-5DD6-43E7-B99B-BA4904C9949A}.Debug|Win32.ActiveCfg = Debug|Win32
		{2147180F-5DD6-43E7-B99B-BA4904C9949A}.Debug|Win32.Build.0 = Debug|Win32
		{2147180F-5DD6-43E7-B99B-BA4904C9949A}.Release|Win32.ActiveCfg = Release|Win32
		{2147180F-5DD6-43E7-B99B-BA4904C9949A}.Release|Win32.Build.0 = Release|Win32
		{3C0A45C4-1F4D-489D-8B25-1FF6E9703B4B}.Debug|Win32.ActiveCfg = Debug|Win32
		{3C0A45C4-1F4D-489D-8B25-1FF6E9703B4B}.Debug|Win32.Build.0 = Debug|Win32
		{3C0A45C4-1F4D-489D-8B25-1FF6E9703B4B}.Release|Win32.ActiveCfg = Release|Win32
		{3C0A45C4-1F4D-489D-8B25-1FF6E9703B4B}.Release|Win32.Build.0 = Release|Win32
	EndGlobalSection
	GlobalSection(SolutionProperties) = preSolution
		HideSolutionNode = FALSE
	EndGlobalSection
EndGlobal
