
Microsoft Visual Studio Solution File, Format Version 10.00
# Visual Studio 2008
Project("{8BC9CEB8-8B4A-11D0-8D11-00A0C91BC942}") = "phone_v3", "phone_v3.vcproj", "{33171C84-1E22-4F8E-80F5-C5BCE7854A9E}"
EndProject
Global
	GlobalSection(SolutionConfigurationPlatforms) = preSolution
		Debug|Win32 = Debug|Win32
		Release|Win32 = Release|Win32
	EndGlobalSection
	GlobalSection(ProjectConfigurationPlatforms) = postSolution
		{33171C84-1E22-4F8E-80F5-C5BCE7854A9E}.Debug|Win32.ActiveCfg = Debug|Win32
		{33171C84-1E22-4F8E-80F5-C5BCE7854A9E}.Debug|Win32.Build.0 = Debug|Win32
		{33171C84-1E22-4F8E-80F5-C5BCE7854A9E}.Release|Win32.ActiveCfg = Release|Win32
		{33171C84-1E22-4F8E-80F5-C5BCE7854A9E}.Release|Win32.Build.0 = Release|Win32
	EndGlobalSection
	GlobalSection(SolutionProperties) = preSolution
		HideSolutionNode = FALSE
	EndGlobalSection
EndGlobal
